<?xml version="1.0" encoding="utf-8"?>
<Project ToolsVersion="4.0" xmlns="http://schemas.microsoft.com/developer/msbuild/2003">
  <ItemGroup>
    <Filter Include="源文件">
      <UniqueIdentifier>{4FC737F1-C7A5-4376-A066-2A32D752A2FF}</UniqueIdentifier>
      <Extensions>cpp;c;cc;cxx;c++;def;odl;idl;hpj;bat;asm;asmx</Extensions>
    </Filter>
    <Filter Include="头文件">
      <UniqueIdentifier>{93995380-89BD-4b04-88EB-625FBE52EBFB}</UniqueIdentifier>
      <Extensions>h;hh;hpp;hxx;h++;hm;inl;inc;ipp;xsd</Extensions>
    </Filter>
    <Filter Include="资源文件">
      <UniqueIdentifier>{67DA6AB6-F800-4c08-8B7A-83BB121AAD01}</UniqueIdentifier>
      <Extensions>rc;ico;cur;bmp;dlg;rc2;rct;bin;rgs;gif;jpg;jpeg;jpe;resx;tiff;tif;png;wav;mfcribbon-ms</Extensions>
    </Filter>
    <Filter Include="源文件\solution">
      <UniqueIdentifier>{b4bc6a9e-9155-4ecb-87eb-1fec75c551d1}</UniqueIdentifier>
    </Filter>
    <Filter Include="源文件\helper">
      <UniqueIdentifier>{e4285932-5c49-4291-a321-ad1603e1a121}</UniqueIdentifier>
    </Filter>
    <Filter Include="头文件\helper">
      <UniqueIdentifier>{55d19e9d-db8f-4c94-a354-ef7043739233}</UniqueIdentifier>
    </Filter>
    <Filter Include="头文件\solution">
      <UniqueIdentifier>{857bea2c-68b8-4c9d-b42b-8a5d7c54d1a7}</UniqueIdentifier>
    </Filter>
  </ItemGroup>
  <ItemGroup>
    <ClCompile Include="main.cpp">
      <Filter>源文件</Filter>
    </ClCompile>
    <ClCompile Include="Solution_findRepeatNumber.cpp">
      <Filter>源文件\solution</Filter>
    </ClCompile>
    <ClCompile Include="Solution_subsets.cpp">
      <Filter>源文件\solution</Filter>
    </ClCompile>
    <ClCompile Include="Solution_maxDepth.cpp">
      <Filter>源文件\solution</Filter>
    </ClCompile>
    <ClCompile Include="Solution_validateBinarySearchTree.cpp">
      <Filter>源文件\solution</Filter>
    </ClCompile>
    <ClCompile Include="Solution_insertIntoBST.cpp">
      <Filter>源文件\solution</Filter>
    </ClCompile>
    <ClCompile Include="Solution_reverseList.cpp">
      <Filter>源文件\solution</Filter>
    </ClCompile>
    <ClCompile Include="Solution_reverseBetween.cpp">
      <Filter>源文件\solution</Filter>
    </ClCompile>
    <ClCompile Include="ListPrinter.cpp">
      <Filter>源文件\helper</Filter>
    </ClCompile>
    <ClCompile Include="Solution_mergeTwoList.cpp">
      <Filter>源文件\solution</Filter>
    </ClCompile>
    <ClCompile Include="SolutionBase.cpp">
      <Filter>源文件\solution</Filter>
    </ClCompile>
    <ClCompile Include="BSTPrinter.cpp">
      <Filter>源文件\helper</Filter>
    </ClCompile>
    <ClCompile Include="Solution_solveNQueens.cpp">
      <Filter>源文件\solution</Filter>
    </ClCompile>
    <ClCompile Include="Solution_findAllTreePath.cpp">
      <Filter>源文件\solution</Filter>
    </ClCompile>
    <ClCompile Include="VectorPrinter.cpp">
      <Filter>源文件\helper</Filter>
    </ClCompile>
    <ClCompile Include="Solution_maxPathSum.cpp">
      <Filter>源文件\solution</Filter>
    </ClCompile>
  </ItemGroup>
  <ItemGroup>
    <ClInclude Include="TreeNode.h">
      <Filter>头文件</Filter>
    </ClInclude>
    <ClInclude Include="ListPrinter.h">
      <Filter>头文件\helper</Filter>
    </ClInclude>
    <ClInclude Include="BSTPrinter.h">
      <Filter>头文件\helper</Filter>
    </ClInclude>
    <ClInclude Include="Solution_findRepeatNumber.h">
      <Filter>头文件\solution</Filter>
    </ClInclude>
    <ClInclude Include="Solution_insertIntoBST.h">
      <Filter>头文件\solution</Filter>
    </ClInclude>
    <ClInclude Include="Solution_maxDepth.h">
      <Filter>头文件\solution</Filter>
    </ClInclude>
    <ClInclude Include="Solution_mergeTwoList.h">
      <Filter>头文件\solution</Filter>
    </ClInclude>
    <ClInclude Include="Solution_reverseBetween.h">
      <Filter>头文件\solution</Filter>
    </ClInclude>
    <ClInclude Include="Solution_reverseList.h">
      <Filter>头文件\solution</Filter>
    </ClInclude>
    <ClInclude Include="Solution_subsets.h">
      <Filter>头文件\solution</Filter>
    </ClInclude>
    <ClInclude Include="Solution_validateBinarySearchTree.h">
      <Filter>头文件\solution</Filter>
    </ClInclude>
    <ClInclude Include="SolutionBase.h">
      <Filter>头文件\solution</Filter>
    </ClInclude>
    <ClInclude Include="VectorPrinter.h">
      <Filter>头文件</Filter>
    </ClInclude>
    <ClInclude Include="Solution_findAllTreePath.h">
      <Filter>头文件\solution</Filter>
    </ClInclude>
    <ClInclude Include="Solution_solveNQueens.h">
      <Filter>头文件\solution</Filter>
    </ClInclude>
    <ClInclude Include="Solution_maxPathSum.h">
      <Filter>头文件</Filter>
    </ClInclude>
  </ItemGroup>
</Project>