<?xml version="1.0" encoding="utf-8"?>
<Project ToolsVersion="4.0" xmlns="http://schemas.microsoft.com/developer/msbuild/2003">
  <ItemGroup>
    <Filter Include="源文件">
      <UniqueIdentifier>{4FC737F1-C7A5-4376-A066-2A32D752A2FF}</UniqueIdentifier>
      <Extensions>cpp;c;cc;cxx;c++;def;odl;idl;hpj;bat;asm;asmx</Extensions>
    </Filter>
    <Filter Include="头文件">
      <UniqueIdentifier>{93995380-89BD-4b04-88EB-625FBE52EBFB}</UniqueIdentifier>
      <Extensions>h;hh;hpp;hxx;h++;hm;inl;inc;ipp;xsd</Extensions>
    </Filter>
    <Filter Include="资源文件">
      <UniqueIdentifier>{67DA6AB6-F800-4c08-8B7A-83BB121AAD01}</UniqueIdentifier>
      <Extensions>rc;ico;cur;bmp;dlg;rc2;rct;bin;rgs;gif;jpg;jpeg;jpe;resx;tiff;tif;png;wav;mfcribbon-ms</Extensions>
    </Filter>
    <Filter Include="源文件\solution">
      <UniqueIdentifier>{b4bc6a9e-9155-4ecb-87eb-1fec75c551d1}</UniqueIdentifier>
    </Filter>
    <Filter Include="源文件\helper">
      <UniqueIdentifier>{e4285932-5c49-4291-a321-ad1603e1a121}</UniqueIdentifier>
    </Filter>
    <Filter Include="头文件\helper">
      <UniqueIdentifier>{55d19e9d-db8f-4c94-a354-ef7043739233}</UniqueIdentifier>
    </Filter>
    <Filter Include="头文件\solution">
      <UniqueIdentifier>{857bea2c-68b8-4c9d-b42b-8a5d7c54d1a7}</UniqueIdentifier>
    </Filter>
    <Filter Include="源文件\solution\List">
      <UniqueIdentifier>{cf05bfa3-30ba-4e2d-b0cc-9e62b44d87fe}</UniqueIdentifier>
    </Filter>
    <Filter Include="源文件\solution\Tree">
      <UniqueIdentifier>{ccef53a7-c9d9-4c39-b60f-01f3d2eb6f2e}</UniqueIdentifier>
    </Filter>
    <Filter Include="源文件\solution\Interview">
      <UniqueIdentifier>{7c751500-f39a-46eb-bfc5-6c2eea310418}</UniqueIdentifier>
    </Filter>
    <Filter Include="源文件\solution\Interview\bytedance">
      <UniqueIdentifier>{a8a3733b-c7e6-4a16-ac14-c6d9057997d2}</UniqueIdentifier>
    </Filter>
    <Filter Include="源文件\solution\Stack">
      <UniqueIdentifier>{a7362345-8bcf-4197-9981-7334fda7ca0b}</UniqueIdentifier>
    </Filter>
    <Filter Include="头文件\solution\tree">
      <UniqueIdentifier>{a592c6d0-a6a5-4293-95c0-373d19cf023e}</UniqueIdentifier>
    </Filter>
    <Filter Include="头文件\solution\list">
      <UniqueIdentifier>{bd2c7cf1-c40c-48fb-8ada-ee2ec58f9cd5}</UniqueIdentifier>
    </Filter>
    <Filter Include="头文件\solution\stack">
      <UniqueIdentifier>{30f58ba7-6789-45e8-b0e9-a5236420f30e}</UniqueIdentifier>
    </Filter>
    <Filter Include="头文件\contest">
      <UniqueIdentifier>{4b3941ae-20bc-43c5-af32-c301480296f0}</UniqueIdentifier>
    </Filter>
    <Filter Include="头文件\contest\weekly">
      <UniqueIdentifier>{4714363f-522f-4316-adc1-72b4cfc5e76d}</UniqueIdentifier>
    </Filter>
    <Filter Include="头文件\contest\weekly\198">
      <UniqueIdentifier>{62f67f4b-bdd2-46e1-817c-4b18669769d4}</UniqueIdentifier>
    </Filter>
    <Filter Include="头文件\Algorithm">
      <UniqueIdentifier>{9e59aa8a-6247-4ea6-b776-e275c72d6b97}</UniqueIdentifier>
    </Filter>
    <Filter Include="头文件\Algorithm\greedy">
      <UniqueIdentifier>{b34e0c80-e441-4e96-86f4-b85289386ec1}</UniqueIdentifier>
    </Filter>
    <Filter Include="头文件\solution\binary">
      <UniqueIdentifier>{053fe016-f9a1-4724-80dc-c2091bec550b}</UniqueIdentifier>
    </Filter>
    <Filter Include="头文件\solution\binary search">
      <UniqueIdentifier>{e1202ac9-9cca-4715-a024-d054fe38be32}</UniqueIdentifier>
    </Filter>
    <Filter Include="头文件\solution\sort">
      <UniqueIdentifier>{4765129b-26c0-48ef-859d-be80f2165f44}</UniqueIdentifier>
    </Filter>
    <Filter Include="头文件\solution\dp">
      <UniqueIdentifier>{00af99b3-11b7-4f14-85ca-3560907bc92f}</UniqueIdentifier>
    </Filter>
    <Filter Include="头文件\contest\weekly\204">
      <UniqueIdentifier>{de6fce76-c3ba-46b2-ae71-c9da63e7de4f}</UniqueIdentifier>
    </Filter>
    <Filter Include="头文件\solution\other">
      <UniqueIdentifier>{a1bd7f92-cc11-4e44-bf82-1172f53e444d}</UniqueIdentifier>
    </Filter>
    <Filter Include="头文件\contest\weekly\autumn">
      <UniqueIdentifier>{d80a551e-4e3b-4d97-b1bf-b55aca6d2219}</UniqueIdentifier>
    </Filter>
    <Filter Include="头文件\solution\daily">
      <UniqueIdentifier>{6ffae3d4-c2ea-4ca3-acf4-fb411e52a427}</UniqueIdentifier>
    </Filter>
    <Filter Include="头文件\solution\slidingWindow">
      <UniqueIdentifier>{71f1a744-1a9b-46ff-b13d-bd40e8a1b77f}</UniqueIdentifier>
    </Filter>
    <Filter Include="头文件\contest\weekly\213">
      <UniqueIdentifier>{81d391ea-cc92-4a1d-a660-2a645b840586}</UniqueIdentifier>
    </Filter>
    <Filter Include="头文件\solution\nowcoder">
      <UniqueIdentifier>{b68f739f-348a-4266-a1ce-38d7caff6321}</UniqueIdentifier>
    </Filter>
    <Filter Include="头文件\solution\backtrack">
      <UniqueIdentifier>{67d92a24-fd94-4f1d-a0d7-ee910a205c62}</UniqueIdentifier>
    </Filter>
  </ItemGroup>
  <ItemGroup>
    <ClCompile Include="main.cpp">
      <Filter>源文件</Filter>
    </ClCompile>
    <ClCompile Include="Solution_findRepeatNumber.cpp">
      <Filter>源文件\solution</Filter>
    </ClCompile>
    <ClCompile Include="Solution_subsets.cpp">
      <Filter>源文件\solution</Filter>
    </ClCompile>
    <ClCompile Include="ListPrinter.cpp">
      <Filter>源文件\helper</Filter>
    </ClCompile>
    <ClCompile Include="SolutionBase.cpp">
      <Filter>源文件\solution</Filter>
    </ClCompile>
    <ClCompile Include="BSTPrinter.cpp">
      <Filter>源文件\helper</Filter>
    </ClCompile>
    <ClCompile Include="Solution_solveNQueens.cpp">
      <Filter>源文件\solution</Filter>
    </ClCompile>
    <ClCompile Include="VectorPrinter.cpp">
      <Filter>源文件\helper</Filter>
    </ClCompile>
    <ClCompile Include="Solution_longestValidParentheses.cpp">
      <Filter>源文件\solution</Filter>
    </ClCompile>
    <ClCompile Include="Solution_sortList.cpp">
      <Filter>源文件\solution\List</Filter>
    </ClCompile>
    <ClCompile Include="Solution_reverseList.cpp">
      <Filter>源文件\solution\List</Filter>
    </ClCompile>
    <ClCompile Include="Solution_reverseBetween.cpp">
      <Filter>源文件\solution\List</Filter>
    </ClCompile>
    <ClCompile Include="Solution_reorderList.cpp">
      <Filter>源文件\solution\List</Filter>
    </ClCompile>
    <ClCompile Include="Solution_findCommonAncestor.cpp">
      <Filter>源文件\solution\Tree</Filter>
    </ClCompile>
    <ClCompile Include="Solution_findAllTreePath.cpp">
      <Filter>源文件\solution\Tree</Filter>
    </ClCompile>
    <ClCompile Include="Solution_insertIntoBST.cpp">
      <Filter>源文件\solution\Tree</Filter>
    </ClCompile>
    <ClCompile Include="Solution_maxDepth.cpp">
      <Filter>源文件\solution\Tree</Filter>
    </ClCompile>
    <ClCompile Include="Solution_maxPathSum.cpp">
      <Filter>源文件\solution\Tree</Filter>
    </ClCompile>
    <ClCompile Include="Solution_mergeTwoList.cpp">
      <Filter>源文件\solution\List</Filter>
    </ClCompile>
    <ClCompile Include="Solution_partition.cpp">
      <Filter>源文件\solution\List</Filter>
    </ClCompile>
    <ClCompile Include="Solution_validateBinarySearchTree.cpp">
      <Filter>源文件\solution\Tree</Filter>
    </ClCompile>
    <ClCompile Include="Solution_hasCycle.cpp">
      <Filter>源文件\solution\List</Filter>
    </ClCompile>
    <ClCompile Include="Solution_detectCycle.cpp">
      <Filter>源文件\solution\List</Filter>
    </ClCompile>
    <ClCompile Include="Solution_evenReorderMerge.cpp">
      <Filter>源文件\solution\Interview\bytedance</Filter>
    </ClCompile>
    <ClCompile Include="Solution_isPalindrome.cpp">
      <Filter>源文件\solution\List</Filter>
    </ClCompile>
    <ClCompile Include="Solution_copyRandomList.cpp">
      <Filter>源文件\solution\List</Filter>
    </ClCompile>
    <ClCompile Include="MinStack.cpp">
      <Filter>源文件\solution\Stack</Filter>
    </ClCompile>
  </ItemGroup>
  <ItemGroup>
    <ClInclude Include="ListPrinter.h">
      <Filter>头文件\helper</Filter>
    </ClInclude>
    <ClInclude Include="BSTPrinter.h">
      <Filter>头文件\helper</Filter>
    </ClInclude>
    <ClInclude Include="SolutionBase.h">
      <Filter>头文件\solution</Filter>
    </ClInclude>
    <ClInclude Include="VectorPrinter.h">
      <Filter>头文件\helper</Filter>
    </ClInclude>
    <ClInclude Include="Solution_hasCycle.h">
      <Filter>头文件\solution\list</Filter>
    </ClInclude>
    <ClInclude Include="Solution_findCommonAncestor.h">
      <Filter>头文件\solution\tree</Filter>
    </ClInclude>
    <ClInclude Include="Solution_copyRandomList.h">
      <Filter>头文件\solution\list</Filter>
    </ClInclude>
    <ClInclude Include="Solution_detectCycle.h">
      <Filter>头文件\solution\list</Filter>
    </ClInclude>
    <ClInclude Include="Solution_evenReorderMerge.h">
      <Filter>头文件\solution\list</Filter>
    </ClInclude>
    <ClInclude Include="Solution_findAllTreePath.h">
      <Filter>头文件\solution\tree</Filter>
    </ClInclude>
    <ClInclude Include="Solution_insertIntoBST.h">
      <Filter>头文件\solution\tree</Filter>
    </ClInclude>
    <ClInclude Include="Solution_isPalindrome.h">
      <Filter>头文件\solution\list</Filter>
    </ClInclude>
    <ClInclude Include="Solution_maxDepth.h">
      <Filter>头文件\solution\tree</Filter>
    </ClInclude>
    <ClInclude Include="Solution_maxPathSum.h">
      <Filter>头文件\solution\tree</Filter>
    </ClInclude>
    <ClInclude Include="Solution_mergeTwoList.h">
      <Filter>头文件\solution\list</Filter>
    </ClInclude>
    <ClInclude Include="Solution_partition.h">
      <Filter>头文件\solution\list</Filter>
    </ClInclude>
    <ClInclude Include="Solution_reorderList.h">
      <Filter>头文件\solution\list</Filter>
    </ClInclude>
    <ClInclude Include="Solution_reverseBetween.h">
      <Filter>头文件\solution\list</Filter>
    </ClInclude>
    <ClInclude Include="Solution_reverseList.h">
      <Filter>头文件\solution\list</Filter>
    </ClInclude>
    <ClInclude Include="Solution_sortList.h">
      <Filter>头文件\solution\list</Filter>
    </ClInclude>
    <ClInclude Include="Solution_validateBinarySearchTree.h">
      <Filter>头文件\solution\tree</Filter>
    </ClInclude>
    <ClInclude Include="Solution_largestRectangleArea.h">
      <Filter>头文件\solution\stack</Filter>
    </ClInclude>
    <ClInclude Include="Solution_dailyTemperatures.h">
      <Filter>头文件\solution\stack</Filter>
    </ClInclude>
    <ClInclude Include="Solution_maximalRectangle.h">
      <Filter>头文件\solution\stack</Filter>
    </ClInclude>
    <ClInclude Include="Solution_maximalSquare.h">
      <Filter>头文件\solution\stack</Filter>
    </ClInclude>
    <ClInclude Include="Contest_maxNumOfSubstrings.h">
      <Filter>头文件\contest\weekly\198</Filter>
    </ClInclude>
    <ClInclude Include="contest.h">
      <Filter>头文件\contest</Filter>
    </ClInclude>
    <ClInclude Include="algorithm_numWaterBottles.h">
      <Filter>头文件\Algorithm\greedy</Filter>
    </ClInclude>
    <ClInclude Include="algorithm.h">
      <Filter>头文件\Algorithm</Filter>
    </ClInclude>
    <ClInclude Include="solution.h">
      <Filter>头文件\solution</Filter>
    </ClInclude>
    <ClInclude Include="Contest_countSubTrees.h">
      <Filter>头文件\contest\weekly\198</Filter>
    </ClInclude>
    <ClInclude Include="MyQueue.h">
      <Filter>头文件\solution\stack</Filter>
    </ClInclude>
    <ClInclude Include="Solution_updateMatrix.h">
      <Filter>头文件\solution\stack</Filter>
    </ClInclude>
    <ClInclude Include="Solution_singleNumber.h">
      <Filter>头文件\solution\binary</Filter>
    </ClInclude>
    <ClInclude Include="Solution_hammingWeight.h">
      <Filter>头文件\solution\binary</Filter>
    </ClInclude>
    <ClInclude Include="Solution_countBits.h">
      <Filter>头文件\solution\binary</Filter>
    </ClInclude>
    <ClInclude Include="Solution_reverseBits.h">
      <Filter>头文件\solution\binary</Filter>
    </ClInclude>
    <ClInclude Include="Solution_rangeBitwiseAnd.h">
      <Filter>头文件\solution\binary</Filter>
    </ClInclude>
    <ClInclude Include="Solution_search.h">
      <Filter>头文件\solution\binary search</Filter>
    </ClInclude>
    <ClInclude Include="Solution_findMedianSortedArrays.h">
      <Filter>头文件\solution\binary search</Filter>
    </ClInclude>
    <ClInclude Include="Solution_searchRange.h">
      <Filter>头文件\solution\binary search</Filter>
    </ClInclude>
    <ClInclude Include="Solution_mySqrt.h">
      <Filter>头文件\solution\binary search</Filter>
    </ClInclude>
    <ClInclude Include="Solution_guessNumber.h">
      <Filter>头文件\solution\binary search</Filter>
    </ClInclude>
    <ClInclude Include="Solution_firstBadVersion.h">
      <Filter>头文件\solution\binary search</Filter>
    </ClInclude>
    <ClInclude Include="Solution_findPeakElement.h">
      <Filter>头文件\solution\binary search</Filter>
    </ClInclude>
    <ClInclude Include="Solution_findMin.h">
      <Filter>头文件\solution\binary search</Filter>
    </ClInclude>
    <ClInclude Include="Solution_findClosestElements.h">
      <Filter>头文件\solution\binary search</Filter>
    </ClInclude>
    <ClInclude Include="Solution_findDuplicate.h">
      <Filter>头文件\solution\binary search</Filter>
    </ClInclude>
    <ClInclude Include="Solution_smallestDistancePair.h">
      <Filter>头文件\solution\binary search</Filter>
    </ClInclude>
    <ClInclude Include="Solution_splitArray.h">
      <Filter>头文件\solution\binary search</Filter>
    </ClInclude>
    <ClInclude Include="Solution_sortArray.h">
      <Filter>头文件\solution\sort</Filter>
    </ClInclude>
    <ClInclude Include="Solution_minimumTotal.h">
      <Filter>头文件\solution\dp</Filter>
    </ClInclude>
    <ClInclude Include="Solution_canJump.h">
      <Filter>头文件\solution\dp</Filter>
    </ClInclude>
    <ClInclude Include="Solution_jump.h">
      <Filter>头文件\solution\dp</Filter>
    </ClInclude>
    <ClInclude Include="Solution_minCut.h">
      <Filter>头文件\solution\dp</Filter>
    </ClInclude>
    <ClInclude Include="Solution_longestOfLIS.h">
      <Filter>头文件\solution\dp</Filter>
    </ClInclude>
    <ClInclude Include="Solution_wordBreak.h">
      <Filter>头文件\solution\dp</Filter>
    </ClInclude>
    <ClInclude Include="Solution_longestCommonSubSeq.h">
      <Filter>头文件\solution\dp</Filter>
    </ClInclude>
    <ClInclude Include="Contest_204_1.h">
      <Filter>头文件\contest\weekly\204</Filter>
    </ClInclude>
    <ClInclude Include="Contest_204_2.h">
      <Filter>头文件\contest\weekly\204</Filter>
    </ClInclude>
    <ClInclude Include="Solution_template.h">
      <Filter>头文件\solution</Filter>
    </ClInclude>
    <ClInclude Include="Contest_204_3.h">
      <Filter>头文件\contest\weekly\204</Filter>
    </ClInclude>
    <ClInclude Include="Contest_204_4.h">
      <Filter>头文件\contest\weekly\204</Filter>
    </ClInclude>
    <ClInclude Include="Contest_template.h">
      <Filter>头文件\contest</Filter>
    </ClInclude>
    <ClInclude Include="Solution_bestSoluToReachSpecValue.h">
      <Filter>头文件\solution\dp</Filter>
    </ClInclude>
    <ClInclude Include="Solution_cloneGraph.h">
      <Filter>头文件\solution\other</Filter>
    </ClInclude>
    <ClInclude Include="Solution_decodeString.h">
      <Filter>头文件\solution\other</Filter>
    </ClInclude>
    <ClInclude Include="Solution_evalRPN.h">
      <Filter>头文件\solution\other</Filter>
    </ClInclude>
    <ClInclude Include="Solution_findRepeatNumber.h">
      <Filter>头文件\solution\other</Filter>
    </ClInclude>
    <ClInclude Include="Solution_inorderTraversal.h">
      <Filter>头文件\solution\other</Filter>
    </ClInclude>
    <ClInclude Include="Solution_longestValidParentheses.h">
      <Filter>头文件\solution\other</Filter>
    </ClInclude>
    <ClInclude Include="Solution_numIslands.h">
      <Filter>头文件\solution\other</Filter>
    </ClInclude>
    <ClInclude Include="Solution_solveNQueens.h">
      <Filter>头文件\solution\other</Filter>
    </ClInclude>
    <ClInclude Include="Solution_subsets.h">
      <Filter>头文件\solution\other</Filter>
    </ClInclude>
    <ClInclude Include="resource.h">
      <Filter>头文件</Filter>
    </ClInclude>
    <ClInclude Include="TreeNode.h">
      <Filter>头文件\helper</Filter>
    </ClInclude>
    <ClInclude Include="MinStack.h">
      <Filter>头文件\helper</Filter>
    </ClInclude>
    <ClInclude Include="Node.h">
      <Filter>头文件\helper</Filter>
    </ClInclude>
    <ClInclude Include="Contest_au_1.h">
      <Filter>头文件\contest\weekly\autumn</Filter>
    </ClInclude>
    <ClInclude Include="Contest_au_2.h">
      <Filter>头文件\contest\weekly\autumn</Filter>
    </ClInclude>
    <ClInclude Include="Contest_au_3.h">
      <Filter>头文件\contest\weekly\autumn</Filter>
    </ClInclude>
    <ClInclude Include="Solution_sumNumbers.h">
      <Filter>头文件\solution\daily</Filter>
    </ClInclude>
    <ClInclude Include="Solution_minWindow.h">
      <Filter>头文件\solution\slidingWindow</Filter>
    </ClInclude>
    <ClInclude Include="Solution_smallestRange.h">
      <Filter>头文件\solution\slidingWindow</Filter>
    </ClInclude>
    <ClInclude Include="Contest_213_1.h">
      <Filter>头文件\contest\weekly\213</Filter>
    </ClInclude>
    <ClInclude Include="Contest_213_2.h">
      <Filter>头文件\contest\weekly\213</Filter>
    </ClInclude>
    <ClInclude Include="Contest_213_3.h">
      <Filter>头文件\contest\weekly\213</Filter>
    </ClInclude>
    <ClInclude Include="Contest_213_4.h">
      <Filter>头文件\contest\weekly\213</Filter>
    </ClInclude>
    <ClInclude Include="Solution_validMountainArray.h">
      <Filter>头文件\solution\daily</Filter>
    </ClInclude>
    <ClInclude Include="Solution_insert.h">
      <Filter>头文件\solution\daily</Filter>
    </ClInclude>
    <ClInclude Include="Solution_dachuijiaodui.h">
      <Filter>头文件\solution\daily</Filter>
    </ClInclude>
    <ClInclude Include="Solution_ladderLength.h">
      <Filter>头文件\solution\daily</Filter>
    </ClInclude>
    <ClInclude Include="Solution_countRangeSum.h">
      <Filter>头文件\solution\daily</Filter>
    </ClInclude>
    <ClInclude Include="Solution_getMaximumGenerated.h">
      <Filter>头文件\solution\daily</Filter>
    </ClInclude>
    <ClInclude Include="Solution_minDeletions.h">
      <Filter>头文件\solution\daily</Filter>
    </ClInclude>
    <ClInclude Include="Solution_maxProfit.h">
      <Filter>头文件\solution\daily</Filter>
    </ClInclude>
    <ClInclude Include="Solution_checkInclusion.h">
      <Filter>头文件\solution\slidingWindow</Filter>
    </ClInclude>
    <ClInclude Include="Solution_findAnagrams.h">
      <Filter>头文件\solution\slidingWindow</Filter>
    </ClInclude>
    <ClInclude Include="Solution_genHuffmanCode.h">
      <Filter>头文件\solution\tree</Filter>
    </ClInclude>
    <ClInclude Include="Solution_myHashMap.h">
      <Filter>头文件\solution\other</Filter>
    </ClInclude>
    <ClInclude Include="Solution_Answerofjudge.h">
      <Filter>头文件\solution\nowcoder</Filter>
    </ClInclude>
    <ClInclude Include="Solution_solve.h">
      <Filter>头文件\solution\nowcoder</Filter>
    </ClInclude>
    <ClInclude Include="Solution_permute.h">
      <Filter>头文件\solution\backtrack</Filter>
    </ClInclude>
    <ClInclude Include="Solution_calculateInsurance.h">
      <Filter>头文件\solution\other</Filter>
    </ClInclude>
    <ClInclude Include="Solution_subsets2.h">
      <Filter>头文件\solution\backtrack</Filter>
    </ClInclude>
  </ItemGroup>
  <ItemGroup>
    <ResourceCompile Include="Solution.rc">
      <Filter>资源文件</Filter>
    </ResourceCompile>
  </ItemGroup>
</Project>